// !$*UTF8*$!
{
	archiveVersion = 1;
	classes = {
	};
	objectVersion = 46;
	objects = {

/* Begin PBXFileReference section */
		BCE58D181A1FC34D00159D18 /* main.c */ = {isa = PBXFileReference; lastKnownFileType = sourcecode.c.c; name = main.c; path = ../main.c; sourceTree = "<group>"; };
/* End PBXFileReference section */

/* Begin PBXGroup section */
		BCE58D111A1FC34000159D18 = {
			isa = PBXGroup;
			children = (
				BCE58D181A1FC34D00159D18 /* main.c */,
			);
			sourceTree = "<group>";
		};
/* End PBXGroup section */

/* Begin PBXProject section */
		BCE58D121A1FC34000159D18 /* Project object */ = {
			isa = PBXProject;
			attributes = {
				LastUpgradeCheck = 0600;
			};
			buildConfigurationList = BCE58D151A1FC34000159D18 /* Build configuration list for PBXProject "tiny-RPG" */;
			compatibilityVersion = "Xcode 3.2";
			developmentRegion = English;
			hasScannedForEncodings = 0;
			knownRegions = (
				en,
			);
			mainGroup = BCE58D111A1FC34000159D18;
			projectDirPath = "";
			projectRoot = "";
			targets = (
			);
		};
/* End PBXProject section */

/* Begin XCBuildConfiguration section */
		BCE58D161A1FC34000159D18 /* Debug */ = {
			isa = XCBuildConfiguration;
			buildSettings = {
			};
			name = Debug;
		};
		BCE58D171A1FC34000159D18 /* Release */ = {
			isa = XCBuildConfiguration;
			buildSettings = {
			};
			name = Release;
		};
/* End XCBuildConfiguration section */

/* Begin XCConfigurationList section */
		BCE58D151A1FC34000159D18 /* Build configuration list for PBXProject "tiny-RPG" */ = {
			isa = XCConfigurationList;
			buildConfigurations = (
				BCE58D161A1FC34000159D18 /* Debug */,
				BCE58D171A1FC34000159D18 /* Release */,
			);
			defaultConfigurationIsVisible = 0;
			defaultConfigurationName = Release;
		};
/* End XCConfigurationList section */
	};
	rootObject = BCE58D121A1FC34000159D18 /* Project object */;
}
