// !$*UTF8*$!
{
	archiveVersion = 1;
	classes = {
	};
	objectVersion = 46;
	objects = {

/* Begin PBXGroup section */
		BCE58D0A1A1FC29F00159D18 = {
			isa = PBXGroup;
			children = (
			);
			sourceTree = "<group>";
		};
/* End PBXGroup section */

/* Begin PBXProject section */
		BCE58D0B1A1FC29F00159D18 /* Project object */ = {
			isa = PBXProject;
			attributes = {
				LastUpgradeCheck = 0600;
			};
			buildConfigurationList = BCE58D0E1A1FC29F00159D18 /* Build configuration list for PBXProject "tiny-RPG" */;
			compatibilityVersion = "Xcode 3.2";
			developmentRegion = English;
			hasScannedForEncodings = 0;
			knownRegions = (
				en,
			);
			mainGroup = BCE58D0A1A1FC29F00159D18;
			projectDirPath = "";
			projectRoot = "";
			targets = (
			);
		};
/* End PBXProject section */

/* Begin XCBuildConfiguration section */
		BCE58D0F1A1FC29F00159D18 /* Debug */ = {
			isa = XCBuildConfiguration;
			buildSettings = {
			};
			name = Debug;
		};
		BCE58D101A1FC29F00159D18 /* Release */ = {
			isa = XCBuildConfiguration;
			buildSettings = {
			};
			name = Release;
		};
/* End XCBuildConfiguration section */

/* Begin XCConfigurationList section */
		BCE58D0E1A1FC29F00159D18 /* Build configuration list for PBXProject "tiny-RPG" */ = {
			isa = XCConfigurationList;
			buildConfigurations = (
				BCE58D0F1A1FC29F00159D18 /* Debug */,
				BCE58D101A1FC29F00159D18 /* Release */,
			);
			defaultConfigurationIsVisible = 0;
			defaultConfigurationName = Release;
		};
/* End XCConfigurationList section */
	};
	rootObject = BCE58D0B1A1FC29F00159D18 /* Project object */;
}
